
Microsoft Visual Studio Solution File, Format Version 12.00
# Visual Studio Version 17
VisualStudioVersion = 17.7.34018.315
MinimumVisualStudioVersion = 10.0.40219.1
Project("{2150E333-8FDC-42A3-9474-1A3956D46DE8}") = "src", "src", "{118DC7F7-D683-44EF-B9D9-2E6A2FD51845}"
EndProject
Project("{2150E333-8FDC-42A3-9474-1A3956D46DE8}") = "api", "api", "{4104A425-3624-4FD0-B5E9-3280BB10E15A}"
EndProject
Project("{FAE04EC0-301F-11D3-BF4B-00C04F79EFBC}") = "blogpostApi", "blogpostApi\blogpostApi.csproj", "{ADE5854D-2D6D-4281-A9B8-DF1D5E3C47F8}"
EndProject
Project("{2150E333-8FDC-42A3-9474-1A3956D46DE8}") = "tests", "tests", "{FE152EFD-6586-41B7-8039-3C62145E8B9B}"
EndProject
Project("{FAE04EC0-301F-11D3-BF4B-00C04F79EFBC}") = "blogpost.Domain", "blogpost.Domain\blogpost.Domain.csproj", "{368E167A-75D6-4833-BCBB-5F1F9D8B1705}"
EndProject
Project("{FAE04EC0-301F-11D3-BF4B-00C04F79EFBC}") = "blogpost.Infrastructure", "blogpost.Infrastructure\blogpost.Infrastructure.csproj", "{700E93BD-6E3F-45C9-9CF7-1BE2E769A685}"
EndProject
Project("{FAE04EC0-301F-11D3-BF4B-00C04F79EFBC}") = "blogpost.Application", "blogpost.Application\blogpost.Application.csproj", "{F553C49A-AD17-4E87-BE19-74DA36AAC6DF}"
EndProject
Project("{FAE04EC0-301F-11D3-BF4B-00C04F79EFBC}") = "blogpost.Persistance", "blogpost.Persistance\blogpost.Persistance.csproj", "{22066207-631C-479D-B1D2-BE83940C8CCB}"
EndProject
Global
	GlobalSection(SolutionConfigurationPlatforms) = preSolution
		Debug|Any CPU = Debug|Any CPU
		Release|Any CPU = Release|Any CPU
	EndGlobalSection
	GlobalSection(ProjectConfigurationPlatforms) = postSolution
		{ADE5854D-2D6D-4281-A9B8-DF1D5E3C47F8}.Debug|Any CPU.ActiveCfg = Debug|Any CPU
		{ADE5854D-2D6D-4281-A9B8-DF1D5E3C47F8}.Debug|Any CPU.Build.0 = Debug|Any CPU
		{ADE5854D-2D6D-4281-A9B8-DF1D5E3C47F8}.Release|Any CPU.ActiveCfg = Release|Any CPU
		{ADE5854D-2D6D-4281-A9B8-DF1D5E3C47F8}.Release|Any CPU.Build.0 = Release|Any CPU
		{368E167A-75D6-4833-BCBB-5F1F9D8B1705}.Debug|Any CPU.ActiveCfg = Debug|Any CPU
		{368E167A-75D6-4833-BCBB-5F1F9D8B1705}.Debug|Any CPU.Build.0 = Debug|Any CPU
		{368E167A-75D6-4833-BCBB-5F1F9D8B1705}.Release|Any CPU.ActiveCfg = Release|Any CPU
		{368E167A-75D6-4833-BCBB-5F1F9D8B1705}.Release|Any CPU.Build.0 = Release|Any CPU
		{700E93BD-6E3F-45C9-9CF7-1BE2E769A685}.Debug|Any CPU.ActiveCfg = Debug|Any CPU
		{700E93BD-6E3F-45C9-9CF7-1BE2E769A685}.Debug|Any CPU.Build.0 = Debug|Any CPU
		{700E93BD-6E3F-45C9-9CF7-1BE2E769A685}.Release|Any CPU.ActiveCfg = Release|Any CPU
		{700E93BD-6E3F-45C9-9CF7-1BE2E769A685}.Release|Any CPU.Build.0 = Release|Any CPU
		{F553C49A-AD17-4E87-BE19-74DA36AAC6DF}.Debug|Any CPU.ActiveCfg = Debug|Any CPU
		{F553C49A-AD17-4E87-BE19-74DA36AAC6DF}.Debug|Any CPU.Build.0 = Debug|Any CPU
		{F553C49A-AD17-4E87-BE19-74DA36AAC6DF}.Release|Any CPU.ActiveCfg = Release|Any CPU
		{F553C49A-AD17-4E87-BE19-74DA36AAC6DF}.Release|Any CPU.Build.0 = Release|Any CPU
		{22066207-631C-479D-B1D2-BE83940C8CCB}.Debug|Any CPU.ActiveCfg = Debug|Any CPU
		{22066207-631C-479D-B1D2-BE83940C8CCB}.Debug|Any CPU.Build.0 = Debug|Any CPU
		{22066207-631C-479D-B1D2-BE83940C8CCB}.Release|Any CPU.ActiveCfg = Release|Any CPU
		{22066207-631C-479D-B1D2-BE83940C8CCB}.Release|Any CPU.Build.0 = Release|Any CPU
	EndGlobalSection
	GlobalSection(SolutionProperties) = preSolution
		HideSolutionNode = FALSE
	EndGlobalSection
	GlobalSection(NestedProjects) = preSolution
		{4104A425-3624-4FD0-B5E9-3280BB10E15A} = {118DC7F7-D683-44EF-B9D9-2E6A2FD51845}
		{ADE5854D-2D6D-4281-A9B8-DF1D5E3C47F8} = {4104A425-3624-4FD0-B5E9-3280BB10E15A}
		{FE152EFD-6586-41B7-8039-3C62145E8B9B} = {118DC7F7-D683-44EF-B9D9-2E6A2FD51845}
		{368E167A-75D6-4833-BCBB-5F1F9D8B1705} = {4104A425-3624-4FD0-B5E9-3280BB10E15A}
		{700E93BD-6E3F-45C9-9CF7-1BE2E769A685} = {4104A425-3624-4FD0-B5E9-3280BB10E15A}
		{F553C49A-AD17-4E87-BE19-74DA36AAC6DF} = {4104A425-3624-4FD0-B5E9-3280BB10E15A}
		{22066207-631C-479D-B1D2-BE83940C8CCB} = {4104A425-3624-4FD0-B5E9-3280BB10E15A}
	EndGlobalSection
	GlobalSection(ExtensibilityGlobals) = postSolution
		SolutionGuid = {4186A656-C125-42FD-8820-C2AB108B1309}
	EndGlobalSection
EndGlobal
