
Microsoft Visual Studio Solution File, Format Version 12.00
# Visual Studio Version 17
VisualStudioVersion = 17.7.34018.315
MinimumVisualStudioVersion = 10.0.40219.1
Project("{54A90642-561A-4BB1-A94E-469ADEE60C69}") = "angularapp", "angularapp\angularapp.esproj", "{46387571-D310-4018-9ED1-8848D96F4C12}"
EndProject
Project("{9A19103F-16F7-4668-BE54-9A1E7A4F7556}") = "webapi", "webapi\webapi.csproj", "{FD0CD941-8F20-49B2-AB5A-B9D5988D6DC6}"
EndProject
Global
	GlobalSection(SolutionConfigurationPlatforms) = preSolution
		Debug|Any CPU = Debug|Any CPU
		Release|Any CPU = Release|Any CPU
	EndGlobalSection
	GlobalSection(ProjectConfigurationPlatforms) = postSolution
		{46387571-D310-4018-9ED1-8848D96F4C12}.Debug|Any CPU.ActiveCfg = Debug|Any CPU
		{46387571-D310-4018-9ED1-8848D96F4C12}.Debug|Any CPU.Build.0 = Debug|Any CPU
		{46387571-D310-4018-9ED1-8848D96F4C12}.Debug|Any CPU.Deploy.0 = Debug|Any CPU
		{46387571-D310-4018-9ED1-8848D96F4C12}.Release|Any CPU.ActiveCfg = Release|Any CPU
		{46387571-D310-4018-9ED1-8848D96F4C12}.Release|Any CPU.Build.0 = Release|Any CPU
		{46387571-D310-4018-9ED1-8848D96F4C12}.Release|Any CPU.Deploy.0 = Release|Any CPU
		{FD0CD941-8F20-49B2-AB5A-B9D5988D6DC6}.Debug|Any CPU.ActiveCfg = Debug|Any CPU
		{FD0CD941-8F20-49B2-AB5A-B9D5988D6DC6}.Debug|Any CPU.Build.0 = Debug|Any CPU
		{FD0CD941-8F20-49B2-AB5A-B9D5988D6DC6}.Release|Any CPU.ActiveCfg = Release|Any CPU
		{FD0CD941-8F20-49B2-AB5A-B9D5988D6DC6}.Release|Any CPU.Build.0 = Release|Any CPU
	EndGlobalSection
	GlobalSection(SolutionProperties) = preSolution
		HideSolutionNode = FALSE
	EndGlobalSection
	GlobalSection(ExtensibilityGlobals) = postSolution
		SolutionGuid = {4186A656-C125-42FD-8820-C2AB108B1309}
	EndGlobalSection
EndGlobal
